
Microsoft Visual Studio Solution File, Format Version 12.00
# Visual Studio Version 17
VisualStudioVersion = 17.4.33213.308
MinimumVisualStudioVersion = 10.0.40219.1
Project("{FAE04EC0-301F-11D3-BF4B-00C04F79EFBC}") = "Finance Management System", "Finance Management System\Finance Management System.csproj", "{A10ABA72-17A0-44BF-B677-F271D9C97750}"
EndProject
Global
	GlobalSection(SolutionConfigurationPlatforms) = preSolution
		Debug|Any CPU = Debug|Any CPU
		Release|Any CPU = Release|Any CPU
	EndGlobalSection
	GlobalSection(ProjectConfigurationPlatforms) = postSolution
		{A10ABA72-17A0-44BF-B677-F271D9C97750}.Debug|Any CPU.ActiveCfg = Debug|Any CPU
		{A10ABA72-17A0-44BF-B677-F271D9C97750}.Debug|Any CPU.Build.0 = Debug|Any CPU
		{A10ABA72-17A0-44BF-B677-F271D9C97750}.Release|Any CPU.ActiveCfg = Release|Any CPU
		{A10ABA72-17A0-44BF-B677-F271D9C97750}.Release|Any CPU.Build.0 = Release|Any CPU
	EndGlobalSection
	GlobalSection(SolutionProperties) = preSolution
		HideSolutionNode = FALSE
	EndGlobalSection
	GlobalSection(ExtensibilityGlobals) = postSolution
		SolutionGuid = {D5564DF8-CE35-47B6-A018-6DDD74F99C96}
	EndGlobalSection
EndGlobal
